# @generated by Move, please check-in and do not edit manually.

[move]
version = 3
manifest_digest = "4FCAAFFAB03BE4D6D5F547893E85109EDA662F4358220FE4609A8A6D9CF39383"
deps_digest = "3C4103934B1E040BB6B23F1D610B4EF9F2F1166A50A104EADCF77467C004C600"
dependencies = [
  { id = "Sui", name = "Sui" },
  { id = "faucet_coin", name = "faucet_coin" },
]

[[move.package]]
id = "MoveStdlib"
source = { git = "https://github.com/MystenLabs/sui.git", rev = "framework/testnet", subdir = "crates\\sui-framework\\packages\\move-stdlib" }

[[move.package]]
id = "Sui"
source = { git = "https://github.com/MystenLabs/sui.git", rev = "framework/testnet", subdir = "crates/sui-framework/packages/sui-framework" }

dependencies = [
  { id = "MoveStdlib", name = "MoveStdlib" },
]

[[move.package]]
id = "faucet_coin"
source = { local = "..\\faucet_coin" }

dependencies = [
  { id = "Sui", name = "Sui" },
]

[move.toolchain-version]
compiler-version = "1.44.2"
edition = "2024.beta"
flavor = "sui"

[env]

[env.testnet]
chain-id = "4c78adac"
original-published-id = "0x4c194e5cfaf4a52ad9c92408ededad9ab0aaa2ee0391daa7aa1e8b9b3beef916"
latest-published-id = "0x4c194e5cfaf4a52ad9c92408ededad9ab0aaa2ee0391daa7aa1e8b9b3beef916"
published-version = "1"
